// !$*UTF8*$!
{
	archiveVersion = 1;
	classes = {
	};
	objectVersion = 56;
	objects = {

/* Begin PBXBuildFile section */
		E41028032C326CFF00FF8E46 /* EquipmentCell.swift in Sources */ = {isa = PBXBuildFile; fileRef = E41028022C326CFF00FF8E46 /* EquipmentCell.swift */; };
		E41028052C32717E00FF8E46 /* EquipmentListView.swift in Sources */ = {isa = PBXBuildFile; fileRef = E41028042C32717E00FF8E46 /* EquipmentListView.swift */; };
		E41028072C33848900FF8E46 /* JobSiteCard.swift in Sources */ = {isa = PBXBuildFile; fileRef = E41028062C33848900FF8E46 /* JobSiteCard.swift */; };
		E41028092C34D30C00FF8E46 /* HeavyEquipListView.swift in Sources */ = {isa = PBXBuildFile; fileRef = E41028082C34D30C00FF8E46 /* HeavyEquipListView.swift */; };
		E410280B2C34E77400FF8E46 /* EquipmentPDF.swift in Sources */ = {isa = PBXBuildFile; fileRef = E410280A2C34E77400FF8E46 /* EquipmentPDF.swift */; };
		E410280D2C36177D00FF8E46 /* ShareSheet.swift in Sources */ = {isa = PBXBuildFile; fileRef = E410280C2C36177D00FF8E46 /* ShareSheet.swift */; };
		E41028AE2C3680B000FF8E46 /* PrivacyInfo.xcprivacy in Resources */ = {isa = PBXBuildFile; fileRef = E41028AD2C3680B000FF8E46 /* PrivacyInfo.xcprivacy */; };
		E435D5162C2EA74600B9FC63 /* Equipment_LogApp.swift in Sources */ = {isa = PBXBuildFile; fileRef = E435D5152C2EA74600B9FC63 /* Equipment_LogApp.swift */; };
		E435D5182C2EA74600B9FC63 /* ContentView.swift in Sources */ = {isa = PBXBuildFile; fileRef = E435D5172C2EA74600B9FC63 /* ContentView.swift */; };
		E435D51A2C2EA74700B9FC63 /* Assets.xcassets in Resources */ = {isa = PBXBuildFile; fileRef = E435D5192C2EA74700B9FC63 /* Assets.xcassets */; };
		E435D51D2C2EA74700B9FC63 /* Preview Assets.xcassets in Resources */ = {isa = PBXBuildFile; fileRef = E435D51C2C2EA74700B9FC63 /* Preview Assets.xcassets */; };
		E435D5272C2EA74700B9FC63 /* Equipment_LogTests.swift in Sources */ = {isa = PBXBuildFile; fileRef = E435D5262C2EA74700B9FC63 /* Equipment_LogTests.swift */; };
		E435D5312C2EA74700B9FC63 /* Equipment_LogUITests.swift in Sources */ = {isa = PBXBuildFile; fileRef = E435D5302C2EA74700B9FC63 /* Equipment_LogUITests.swift */; };
		E435D5332C2EA74700B9FC63 /* Equipment_LogUITestsLaunchTests.swift in Sources */ = {isa = PBXBuildFile; fileRef = E435D5322C2EA74700B9FC63 /* Equipment_LogUITestsLaunchTests.swift */; };
		E435D5412C2EA7E700B9FC63 /* CoreDataModel.xcdatamodeld in Sources */ = {isa = PBXBuildFile; fileRef = E435D53F2C2EA7E700B9FC63 /* CoreDataModel.xcdatamodeld */; };
		E435D5442C2EA99700B9FC63 /* VisualEffectBlur.swift in Sources */ = {isa = PBXBuildFile; fileRef = E435D5432C2EA99700B9FC63 /* VisualEffectBlur.swift */; };
		E435D5462C2EA9A500B9FC63 /* TextFrameModifier.swift in Sources */ = {isa = PBXBuildFile; fileRef = E435D5452C2EA9A500B9FC63 /* TextFrameModifier.swift */; };
		E435D5482C2EA9AD00B9FC63 /* ImagePicker.swift in Sources */ = {isa = PBXBuildFile; fileRef = E435D5472C2EA9AD00B9FC63 /* ImagePicker.swift */; };
		E435D54A2C2EA9B500B9FC63 /* MenuRow.swift in Sources */ = {isa = PBXBuildFile; fileRef = E435D5492C2EA9B500B9FC63 /* MenuRow.swift */; };
		E435D54C2C2EAB0700B9FC63 /* PersistenceController.swift in Sources */ = {isa = PBXBuildFile; fileRef = E435D54B2C2EAB0700B9FC63 /* PersistenceController.swift */; };
		E435D54F2C2EAB6800B9FC63 /* ProjectCell.swift in Sources */ = {isa = PBXBuildFile; fileRef = E435D54E2C2EAB6800B9FC63 /* ProjectCell.swift */; };
		E435D5512C2EABA100B9FC63 /* ProjectDetailCard.swift in Sources */ = {isa = PBXBuildFile; fileRef = E435D5502C2EABA100B9FC63 /* ProjectDetailCard.swift */; };
		E435D5532C2EABD200B9FC63 /* SetupView.swift in Sources */ = {isa = PBXBuildFile; fileRef = E435D5522C2EABD200B9FC63 /* SetupView.swift */; };
		E435D5552C2EAC1100B9FC63 /* ProjectAddView.swift in Sources */ = {isa = PBXBuildFile; fileRef = E435D5542C2EAC1100B9FC63 /* ProjectAddView.swift */; };
		E435D5572C2EAC7600B9FC63 /* ProjectListView.swift in Sources */ = {isa = PBXBuildFile; fileRef = E435D5562C2EAC7600B9FC63 /* ProjectListView.swift */; };
		E435D5592C2EACE600B9FC63 /* MainTabView.swift in Sources */ = {isa = PBXBuildFile; fileRef = E435D5582C2EACE600B9FC63 /* MainTabView.swift */; };
		E435D55C2C2EAF3F00B9FC63 /* ProjectEntity+CoreDataClass.swift in Sources */ = {isa = PBXBuildFile; fileRef = E435D55A2C2EAF3F00B9FC63 /* ProjectEntity+CoreDataClass.swift */; };
		E435D55D2C2EAF3F00B9FC63 /* ProjectEntity+CoreDataProperties.swift in Sources */ = {isa = PBXBuildFile; fileRef = E435D55B2C2EAF3F00B9FC63 /* ProjectEntity+CoreDataProperties.swift */; };
		E435D55F2C2EB12C00B9FC63 /* InspectionView.swift in Sources */ = {isa = PBXBuildFile; fileRef = E435D55E2C2EB12C00B9FC63 /* InspectionView.swift */; };
/* End PBXBuildFile section */

/* Begin PBXContainerItemProxy section */
		E435D5232C2EA74700B9FC63 /* PBXContainerItemProxy */ = {
			isa = PBXContainerItemProxy;
			containerPortal = E435D50A2C2EA74600B9FC63 /* Project object */;
			proxyType = 1;
			remoteGlobalIDString = E435D5112C2EA74600B9FC63;
			remoteInfo = "Equipment Log";
		};
		E435D52D2C2EA74700B9FC63 /* PBXContainerItemProxy */ = {
			isa = PBXContainerItemProxy;
			containerPortal = E435D50A2C2EA74600B9FC63 /* Project object */;
			proxyType = 1;
			remoteGlobalIDString = E435D5112C2EA74600B9FC63;
			remoteInfo = "Equipment Log";
		};
/* End PBXContainerItemProxy section */

/* Begin PBXFileReference section */
		E41028022C326CFF00FF8E46 /* EquipmentCell.swift */ = {isa = PBXFileReference; lastKnownFileType = sourcecode.swift; path = EquipmentCell.swift; sourceTree = "<group>"; };
		E41028042C32717E00FF8E46 /* EquipmentListView.swift */ = {isa = PBXFileReference; lastKnownFileType = sourcecode.swift; path = EquipmentListView.swift; sourceTree = "<group>"; };
		E41028062C33848900FF8E46 /* JobSiteCard.swift */ = {isa = PBXFileReference; lastKnownFileType = sourcecode.swift; path = JobSiteCard.swift; sourceTree = "<group>"; };
		E41028082C34D30C00FF8E46 /* HeavyEquipListView.swift */ = {isa = PBXFileReference; lastKnownFileType = sourcecode.swift; path = HeavyEquipListView.swift; sourceTree = "<group>"; };
		E410280A2C34E77400FF8E46 /* EquipmentPDF.swift */ = {isa = PBXFileReference; lastKnownFileType = sourcecode.swift; path = EquipmentPDF.swift; sourceTree = "<group>"; };
		E410280C2C36177D00FF8E46 /* ShareSheet.swift */ = {isa = PBXFileReference; lastKnownFileType = sourcecode.swift; path = ShareSheet.swift; sourceTree = "<group>"; };
		E41028AD2C3680B000FF8E46 /* PrivacyInfo.xcprivacy */ = {isa = PBXFileReference; fileEncoding = 4; lastKnownFileType = text.xml; path = PrivacyInfo.xcprivacy; sourceTree = "<group>"; };
		E435D5122C2EA74600B9FC63 /* Equipment Log.app */ = {isa = PBXFileReference; explicitFileType = wrapper.application; includeInIndex = 0; path = "Equipment Log.app"; sourceTree = BUILT_PRODUCTS_DIR; };
		E435D5152C2EA74600B9FC63 /* Equipment_LogApp.swift */ = {isa = PBXFileReference; lastKnownFileType = sourcecode.swift; path = Equipment_LogApp.swift; sourceTree = "<group>"; };
		E435D5172C2EA74600B9FC63 /* ContentView.swift */ = {isa = PBXFileReference; lastKnownFileType = sourcecode.swift; path = ContentView.swift; sourceTree = "<group>"; };
		E435D5192C2EA74700B9FC63 /* Assets.xcassets */ = {isa = PBXFileReference; lastKnownFileType = folder.assetcatalog; path = Assets.xcassets; sourceTree = "<group>"; };
		E435D51C2C2EA74700B9FC63 /* Preview Assets.xcassets */ = {isa = PBXFileReference; lastKnownFileType = folder.assetcatalog; path = "Preview Assets.xcassets"; sourceTree = "<group>"; };
		E435D5222C2EA74700B9FC63 /* Equipment LogTests.xctest */ = {isa = PBXFileReference; explicitFileType = wrapper.cfbundle; includeInIndex = 0; path = "Equipment LogTests.xctest"; sourceTree = BUILT_PRODUCTS_DIR; };
		E435D5262C2EA74700B9FC63 /* Equipment_LogTests.swift */ = {isa = PBXFileReference; lastKnownFileType = sourcecode.swift; path = Equipment_LogTests.swift; sourceTree = "<group>"; };
		E435D52C2C2EA74700B9FC63 /* Equipment LogUITests.xctest */ = {isa = PBXFileReference; explicitFileType = wrapper.cfbundle; includeInIndex = 0; path = "Equipment LogUITests.xctest"; sourceTree = BUILT_PRODUCTS_DIR; };
		E435D5302C2EA74700B9FC63 /* Equipment_LogUITests.swift */ = {isa = PBXFileReference; lastKnownFileType = sourcecode.swift; path = Equipment_LogUITests.swift; sourceTree = "<group>"; };
		E435D5322C2EA74700B9FC63 /* Equipment_LogUITestsLaunchTests.swift */ = {isa = PBXFileReference; lastKnownFileType = sourcecode.swift; path = Equipment_LogUITestsLaunchTests.swift; sourceTree = "<group>"; };
		E435D5402C2EA7E700B9FC63 /* CoreDataModel.xcdatamodel */ = {isa = PBXFileReference; lastKnownFileType = wrapper.xcdatamodel; path = CoreDataModel.xcdatamodel; sourceTree = "<group>"; };
		E435D5432C2EA99700B9FC63 /* VisualEffectBlur.swift */ = {isa = PBXFileReference; lastKnownFileType = sourcecode.swift; path = VisualEffectBlur.swift; sourceTree = "<group>"; };
		E435D5452C2EA9A500B9FC63 /* TextFrameModifier.swift */ = {isa = PBXFileReference; lastKnownFileType = sourcecode.swift; path = TextFrameModifier.swift; sourceTree = "<group>"; };
		E435D5472C2EA9AD00B9FC63 /* ImagePicker.swift */ = {isa = PBXFileReference; lastKnownFileType = sourcecode.swift; path = ImagePicker.swift; sourceTree = "<group>"; };
		E435D5492C2EA9B500B9FC63 /* MenuRow.swift */ = {isa = PBXFileReference; lastKnownFileType = sourcecode.swift; path = MenuRow.swift; sourceTree = "<group>"; };
		E435D54B2C2EAB0700B9FC63 /* PersistenceController.swift */ = {isa = PBXFileReference; lastKnownFileType = sourcecode.swift; path = PersistenceController.swift; sourceTree = "<group>"; };
		E435D54E2C2EAB6800B9FC63 /* ProjectCell.swift */ = {isa = PBXFileReference; lastKnownFileType = sourcecode.swift; path = ProjectCell.swift; sourceTree = "<group>"; };
		E435D5502C2EABA100B9FC63 /* ProjectDetailCard.swift */ = {isa = PBXFileReference; lastKnownFileType = sourcecode.swift; path = ProjectDetailCard.swift; sourceTree = "<group>"; };
		E435D5522C2EABD200B9FC63 /* SetupView.swift */ = {isa = PBXFileReference; lastKnownFileType = sourcecode.swift; path = SetupView.swift; sourceTree = "<group>"; };
		E435D5542C2EAC1100B9FC63 /* ProjectAddView.swift */ = {isa = PBXFileReference; lastKnownFileType = sourcecode.swift; path = ProjectAddView.swift; sourceTree = "<group>"; };
		E435D5562C2EAC7600B9FC63 /* ProjectListView.swift */ = {isa = PBXFileReference; lastKnownFileType = sourcecode.swift; path = ProjectListView.swift; sourceTree = "<group>"; };
		E435D5582C2EACE600B9FC63 /* MainTabView.swift */ = {isa = PBXFileReference; lastKnownFileType = sourcecode.swift; path = MainTabView.swift; sourceTree = "<group>"; };
		E435D55A2C2EAF3F00B9FC63 /* ProjectEntity+CoreDataClass.swift */ = {isa = PBXFileReference; lastKnownFileType = sourcecode.swift; path = "ProjectEntity+CoreDataClass.swift"; sourceTree = "<group>"; };
		E435D55B2C2EAF3F00B9FC63 /* ProjectEntity+CoreDataProperties.swift */ = {isa = PBXFileReference; lastKnownFileType = sourcecode.swift; path = "ProjectEntity+CoreDataProperties.swift"; sourceTree = "<group>"; };
		E435D55E2C2EB12C00B9FC63 /* InspectionView.swift */ = {isa = PBXFileReference; lastKnownFileType = sourcecode.swift; path = InspectionView.swift; sourceTree = "<group>"; };
/* End PBXFileReference section */

/* Begin PBXFrameworksBuildPhase section */
		E435D50F2C2EA74600B9FC63 /* Frameworks */ = {
			isa = PBXFrameworksBuildPhase;
			buildActionMask = 2147483647;
			files = (
			);
			runOnlyForDeploymentPostprocessing = 0;
		};
		E435D51F2C2EA74700B9FC63 /* Frameworks */ = {
			isa = PBXFrameworksBuildPhase;
			buildActionMask = 2147483647;
			files = (
			);
			runOnlyForDeploymentPostprocessing = 0;
		};
		E435D5292C2EA74700B9FC63 /* Frameworks */ = {
			isa = PBXFrameworksBuildPhase;
			buildActionMask = 2147483647;
			files = (
			);
			runOnlyForDeploymentPostprocessing = 0;
		};
/* End PBXFrameworksBuildPhase section */

/* Begin PBXGroup section */
		E435D5092C2EA74600B9FC63 = {
			isa = PBXGroup;
			children = (
				E435D55A2C2EAF3F00B9FC63 /* ProjectEntity+CoreDataClass.swift */,
				E435D55B2C2EAF3F00B9FC63 /* ProjectEntity+CoreDataProperties.swift */,
				E435D5142C2EA74600B9FC63 /* Equipment Log */,
				E435D5252C2EA74700B9FC63 /* Equipment LogTests */,
				E435D52F2C2EA74700B9FC63 /* Equipment LogUITests */,
				E435D5132C2EA74600B9FC63 /* Products */,
			);
			sourceTree = "<group>";
		};
		E435D5132C2EA74600B9FC63 /* Products */ = {
			isa = PBXGroup;
			children = (
				E435D5122C2EA74600B9FC63 /* Equipment Log.app */,
				E435D5222C2EA74700B9FC63 /* Equipment LogTests.xctest */,
				E435D52C2C2EA74700B9FC63 /* Equipment LogUITests.xctest */,
			);
			name = Products;
			sourceTree = "<group>";
		};
		E435D5142C2EA74600B9FC63 /* Equipment Log */ = {
			isa = PBXGroup;
			children = (
				E435D5152C2EA74600B9FC63 /* Equipment_LogApp.swift */,
				E435D5172C2EA74600B9FC63 /* ContentView.swift */,
				E435D54B2C2EAB0700B9FC63 /* PersistenceController.swift */,
				E435D54D2C2EAB4C00B9FC63 /* View */,
				E435D5422C2EA97000B9FC63 /* Extension */,
				E435D53F2C2EA7E700B9FC63 /* CoreDataModel.xcdatamodeld */,
				E41028AD2C3680B000FF8E46 /* PrivacyInfo.xcprivacy */,
				E435D5192C2EA74700B9FC63 /* Assets.xcassets */,
				E435D51B2C2EA74700B9FC63 /* Preview Content */,
			);
			path = "Equipment Log";
			sourceTree = "<group>";
		};
		E435D51B2C2EA74700B9FC63 /* Preview Content */ = {
			isa = PBXGroup;
			children = (
				E435D51C2C2EA74700B9FC63 /* Preview Assets.xcassets */,
			);
			path = "Preview Content";
			sourceTree = "<group>";
		};
		E435D5252C2EA74700B9FC63 /* Equipment LogTests */ = {
			isa = PBXGroup;
			children = (
				E435D5262C2EA74700B9FC63 /* Equipment_LogTests.swift */,
			);
			path = "Equipment LogTests";
			sourceTree = "<group>";
		};
		E435D52F2C2EA74700B9FC63 /* Equipment LogUITests */ = {
			isa = PBXGroup;
			children = (
				E435D5302C2EA74700B9FC63 /* Equipment_LogUITests.swift */,
				E435D5322C2EA74700B9FC63 /* Equipment_LogUITestsLaunchTests.swift */,
			);
			path = "Equipment LogUITests";
			sourceTree = "<group>";
		};
		E435D5422C2EA97000B9FC63 /* Extension */ = {
			isa = PBXGroup;
			children = (
				E435D5432C2EA99700B9FC63 /* VisualEffectBlur.swift */,
				E435D5452C2EA9A500B9FC63 /* TextFrameModifier.swift */,
				E435D5472C2EA9AD00B9FC63 /* ImagePicker.swift */,
				E435D5492C2EA9B500B9FC63 /* MenuRow.swift */,
				E410280C2C36177D00FF8E46 /* ShareSheet.swift */,
			);
			path = Extension;
			sourceTree = "<group>";
		};
		E435D54D2C2EAB4C00B9FC63 /* View */ = {
			isa = PBXGroup;
			children = (
				E435D54E2C2EAB6800B9FC63 /* ProjectCell.swift */,
				E435D5502C2EABA100B9FC63 /* ProjectDetailCard.swift */,
				E41028062C33848900FF8E46 /* JobSiteCard.swift */,
				E435D5522C2EABD200B9FC63 /* SetupView.swift */,
				E435D5542C2EAC1100B9FC63 /* ProjectAddView.swift */,
				E435D55E2C2EB12C00B9FC63 /* InspectionView.swift */,
				E435D5562C2EAC7600B9FC63 /* ProjectListView.swift */,
				E41028082C34D30C00FF8E46 /* HeavyEquipListView.swift */,
				E410280A2C34E77400FF8E46 /* EquipmentPDF.swift */,
				E41028022C326CFF00FF8E46 /* EquipmentCell.swift */,
				E41028042C32717E00FF8E46 /* EquipmentListView.swift */,
				E435D5582C2EACE600B9FC63 /* MainTabView.swift */,
			);
			path = View;
			sourceTree = "<group>";
		};
/* End PBXGroup section */

/* Begin PBXNativeTarget section */
		E435D5112C2EA74600B9FC63 /* Equipment Log */ = {
			isa = PBXNativeTarget;
			buildConfigurationList = E435D5362C2EA74700B9FC63 /* Build configuration list for PBXNativeTarget "Equipment Log" */;
			buildPhases = (
				E435D50E2C2EA74600B9FC63 /* Sources */,
				E435D50F2C2EA74600B9FC63 /* Frameworks */,
				E435D5102C2EA74600B9FC63 /* Resources */,
			);
			buildRules = (
			);
			dependencies = (
			);
			name = "Equipment Log";
			productName = "Equipment Log";
			productReference = E435D5122C2EA74600B9FC63 /* Equipment Log.app */;
			productType = "com.apple.product-type.application";
		};
		E435D5212C2EA74700B9FC63 /* Equipment LogTests */ = {
			isa = PBXNativeTarget;
			buildConfigurationList = E435D5392C2EA74700B9FC63 /* Build configuration list for PBXNativeTarget "Equipment LogTests" */;
			buildPhases = (
				E435D51E2C2EA74700B9FC63 /* Sources */,
				E435D51F2C2EA74700B9FC63 /* Frameworks */,
				E435D5202C2EA74700B9FC63 /* Resources */,
			);
			buildRules = (
			);
			dependencies = (
				E435D5242C2EA74700B9FC63 /* PBXTargetDependency */,
			);
			name = "Equipment LogTests";
			productName = "Equipment LogTests";
			productReference = E435D5222C2EA74700B9FC63 /* Equipment LogTests.xctest */;
			productType = "com.apple.product-type.bundle.unit-test";
		};
		E435D52B2C2EA74700B9FC63 /* Equipment LogUITests */ = {
			isa = PBXNativeTarget;
			buildConfigurationList = E435D53C2C2EA74700B9FC63 /* Build configuration list for PBXNativeTarget "Equipment LogUITests" */;
			buildPhases = (
				E435D5282C2EA74700B9FC63 /* Sources */,
				E435D5292C2EA74700B9FC63 /* Frameworks */,
				E435D52A2C2EA74700B9FC63 /* Resources */,
			);
			buildRules = (
			);
			dependencies = (
				E435D52E2C2EA74700B9FC63 /* PBXTargetDependency */,
			);
			name = "Equipment LogUITests";
			productName = "Equipment LogUITests";
			productReference = E435D52C2C2EA74700B9FC63 /* Equipment LogUITests.xctest */;
			productType = "com.apple.product-type.bundle.ui-testing";
		};
/* End PBXNativeTarget section */

/* Begin PBXProject section */
		E435D50A2C2EA74600B9FC63 /* Project object */ = {
			isa = PBXProject;
			attributes = {
				BuildIndependentTargetsInParallel = 1;
				LastSwiftUpdateCheck = 1510;
				LastUpgradeCheck = 1510;
				TargetAttributes = {
					E435D5112C2EA74600B9FC63 = {
						CreatedOnToolsVersion = 15.1;
					};
					E435D5212C2EA74700B9FC63 = {
						CreatedOnToolsVersion = 15.1;
						TestTargetID = E435D5112C2EA74600B9FC63;
					};
					E435D52B2C2EA74700B9FC63 = {
						CreatedOnToolsVersion = 15.1;
						TestTargetID = E435D5112C2EA74600B9FC63;
					};
				};
			};
			buildConfigurationList = E435D50D2C2EA74600B9FC63 /* Build configuration list for PBXProject "Equipment Log" */;
			compatibilityVersion = "Xcode 14.0";
			developmentRegion = en;
			hasScannedForEncodings = 0;
			knownRegions = (
				en,
				Base,
			);
			mainGroup = E435D5092C2EA74600B9FC63;
			productRefGroup = E435D5132C2EA74600B9FC63 /* Products */;
			projectDirPath = "";
			projectRoot = "";
			targets = (
				E435D5112C2EA74600B9FC63 /* Equipment Log */,
				E435D5212C2EA74700B9FC63 /* Equipment LogTests */,
				E435D52B2C2EA74700B9FC63 /* Equipment LogUITests */,
			);
		};
/* End PBXProject section */

/* Begin PBXResourcesBuildPhase section */
		E435D5102C2EA74600B9FC63 /* Resources */ = {
			isa = PBXResourcesBuildPhase;
			buildActionMask = 2147483647;
			files = (
				E41028AE2C3680B000FF8E46 /* PrivacyInfo.xcprivacy in Resources */,
				E435D51D2C2EA74700B9FC63 /* Preview Assets.xcassets in Resources */,
				E435D51A2C2EA74700B9FC63 /* Assets.xcassets in Resources */,
			);
			runOnlyForDeploymentPostprocessing = 0;
		};
		E435D5202C2EA74700B9FC63 /* Resources */ = {
			isa = PBXResourcesBuildPhase;
			buildActionMask = 2147483647;
			files = (
			);
			runOnlyForDeploymentPostprocessing = 0;
		};
		E435D52A2C2EA74700B9FC63 /* Resources */ = {
			isa = PBXResourcesBuildPhase;
			buildActionMask = 2147483647;
			files = (
			);
			runOnlyForDeploymentPostprocessing = 0;
		};
/* End PBXResourcesBuildPhase section */

/* Begin PBXSourcesBuildPhase section */
		E435D50E2C2EA74600B9FC63 /* Sources */ = {
			isa = PBXSourcesBuildPhase;
			buildActionMask = 2147483647;
			files = (
				E435D55F2C2EB12C00B9FC63 /* InspectionView.swift in Sources */,
				E435D55D2C2EAF3F00B9FC63 /* ProjectEntity+CoreDataProperties.swift in Sources */,
				E435D5182C2EA74600B9FC63 /* ContentView.swift in Sources */,
				E435D54A2C2EA9B500B9FC63 /* MenuRow.swift in Sources */,
				E435D5512C2EABA100B9FC63 /* ProjectDetailCard.swift in Sources */,
				E435D5162C2EA74600B9FC63 /* Equipment_LogApp.swift in Sources */,
				E41028032C326CFF00FF8E46 /* EquipmentCell.swift in Sources */,
				E435D5532C2EABD200B9FC63 /* SetupView.swift in Sources */,
				E435D5462C2EA9A500B9FC63 /* TextFrameModifier.swift in Sources */,
				E435D55C2C2EAF3F00B9FC63 /* ProjectEntity+CoreDataClass.swift in Sources */,
				E435D5552C2EAC1100B9FC63 /* ProjectAddView.swift in Sources */,
				E435D54F2C2EAB6800B9FC63 /* ProjectCell.swift in Sources */,
				E435D5572C2EAC7600B9FC63 /* ProjectListView.swift in Sources */,
				E41028092C34D30C00FF8E46 /* HeavyEquipListView.swift in Sources */,
				E435D5482C2EA9AD00B9FC63 /* ImagePicker.swift in Sources */,
				E435D5412C2EA7E700B9FC63 /* CoreDataModel.xcdatamodeld in Sources */,
				E435D5592C2EACE600B9FC63 /* MainTabView.swift in Sources */,
				E41028052C32717E00FF8E46 /* EquipmentListView.swift in Sources */,
				E435D5442C2EA99700B9FC63 /* VisualEffectBlur.swift in Sources */,
				E410280B2C34E77400FF8E46 /* EquipmentPDF.swift in Sources */,
				E410280D2C36177D00FF8E46 /* ShareSheet.swift in Sources */,
				E41028072C33848900FF8E46 /* JobSiteCard.swift in Sources */,
				E435D54C2C2EAB0700B9FC63 /* PersistenceController.swift in Sources */,
			);
			runOnlyForDeploymentPostprocessing = 0;
		};
		E435D51E2C2EA74700B9FC63 /* Sources */ = {
			isa = PBXSourcesBuildPhase;
			buildActionMask = 2147483647;
			files = (
				E435D5272C2EA74700B9FC63 /* Equipment_LogTests.swift in Sources */,
			);
			runOnlyForDeploymentPostprocessing = 0;
		};
		E435D5282C2EA74700B9FC63 /* Sources */ = {
			isa = PBXSourcesBuildPhase;
			buildActionMask = 2147483647;
			files = (
				E435D5332C2EA74700B9FC63 /* Equipment_LogUITestsLaunchTests.swift in Sources */,
				E435D5312C2EA74700B9FC63 /* Equipment_LogUITests.swift in Sources */,
			);
			runOnlyForDeploymentPostprocessing = 0;
		};
/* End PBXSourcesBuildPhase section */

/* Begin PBXTargetDependency section */
		E435D5242C2EA74700B9FC63 /* PBXTargetDependency */ = {
			isa = PBXTargetDependency;
			target = E435D5112C2EA74600B9FC63 /* Equipment Log */;
			targetProxy = E435D5232C2EA74700B9FC63 /* PBXContainerItemProxy */;
		};
		E435D52E2C2EA74700B9FC63 /* PBXTargetDependency */ = {
			isa = PBXTargetDependency;
			target = E435D5112C2EA74600B9FC63 /* Equipment Log */;
			targetProxy = E435D52D2C2EA74700B9FC63 /* PBXContainerItemProxy */;
		};
/* End PBXTargetDependency section */

/* Begin XCBuildConfiguration section */
		E435D5342C2EA74700B9FC63 /* Debug */ = {
			isa = XCBuildConfiguration;
			buildSettings = {
				ALWAYS_SEARCH_USER_PATHS = NO;
				ASSETCATALOG_COMPILER_GENERATE_SWIFT_ASSET_SYMBOL_EXTENSIONS = YES;
				CLANG_ANALYZER_NONNULL = YES;
				CLANG_ANALYZER_NUMBER_OBJECT_CONVERSION = YES_AGGRESSIVE;
				CLANG_CXX_LANGUAGE_STANDARD = "gnu++20";
				CLANG_ENABLE_MODULES = YES;
				CLANG_ENABLE_OBJC_ARC = YES;
				CLANG_ENABLE_OBJC_WEAK = YES;
				CLANG_WARN_BLOCK_CAPTURE_AUTORELEASING = YES;
				CLANG_WARN_BOOL_CONVERSION = YES;
				CLANG_WARN_COMMA = YES;
				CLANG_WARN_CONSTANT_CONVERSION = YES;
				CLANG_WARN_DEPRECATED_OBJC_IMPLEMENTATIONS = YES;
				CLANG_WARN_DIRECT_OBJC_ISA_USAGE = YES_ERROR;
				CLANG_WARN_DOCUMENTATION_COMMENTS = YES;
				CLANG_WARN_EMPTY_BODY = YES;
				CLANG_WARN_ENUM_CONVERSION = YES;
				CLANG_WARN_INFINITE_RECURSION = YES;
				CLANG_WARN_INT_CONVERSION = YES;
				CLANG_WARN_NON_LITERAL_NULL_CONVERSION = YES;
				CLANG_WARN_OBJC_IMPLICIT_RETAIN_SELF = YES;
				CLANG_WARN_OBJC_LITERAL_CONVERSION = YES;
				CLANG_WARN_OBJC_ROOT_CLASS = YES_ERROR;
				CLANG_WARN_QUOTED_INCLUDE_IN_FRAMEWORK_HEADER = YES;
				CLANG_WARN_RANGE_LOOP_ANALYSIS = YES;
				CLANG_WARN_STRICT_PROTOTYPES = YES;
				CLANG_WARN_SUSPICIOUS_MOVE = YES;
				CLANG_WARN_UNGUARDED_AVAILABILITY = YES_AGGRESSIVE;
				CLANG_WARN_UNREACHABLE_CODE = YES;
				CLANG_WARN__DUPLICATE_METHOD_MATCH = YES;
				COPY_PHASE_STRIP = NO;
				DEBUG_INFORMATION_FORMAT = dwarf;
				ENABLE_STRICT_OBJC_MSGSEND = YES;
				ENABLE_TESTABILITY = YES;
				ENABLE_USER_SCRIPT_SANDBOXING = YES;
				GCC_C_LANGUAGE_STANDARD = gnu17;
				GCC_DYNAMIC_NO_PIC = NO;
				GCC_NO_COMMON_BLOCKS = YES;
				GCC_OPTIMIZATION_LEVEL = 0;
				GCC_PREPROCESSOR_DEFINITIONS = (
					"DEBUG=1",
					"$(inherited)",
				);
				GCC_WARN_64_TO_32_BIT_CONVERSION = YES;
				GCC_WARN_ABOUT_RETURN_TYPE = YES_ERROR;
				GCC_WARN_UNDECLARED_SELECTOR = YES;
				GCC_WARN_UNINITIALIZED_AUTOS = YES_AGGRESSIVE;
				GCC_WARN_UNUSED_FUNCTION = YES;
				GCC_WARN_UNUSED_VARIABLE = YES;
				IPHONEOS_DEPLOYMENT_TARGET = 17.2;
				LOCALIZATION_PREFERS_STRING_CATALOGS = YES;
				MTL_ENABLE_DEBUG_INFO = INCLUDE_SOURCE;
				MTL_FAST_MATH = YES;
				ONLY_ACTIVE_ARCH = YES;
				SDKROOT = iphoneos;
				SWIFT_ACTIVE_COMPILATION_CONDITIONS = "DEBUG $(inherited)";
				SWIFT_OPTIMIZATION_LEVEL = "-Onone";
			};
			name = Debug;
		};
		E435D5352C2EA74700B9FC63 /* Release */ = {
			isa = XCBuildConfiguration;
			buildSettings = {
				ALWAYS_SEARCH_USER_PATHS = NO;
				ASSETCATALOG_COMPILER_GENERATE_SWIFT_ASSET_SYMBOL_EXTENSIONS = YES;
				CLANG_ANALYZER_NONNULL = YES;
				CLANG_ANALYZER_NUMBER_OBJECT_CONVERSION = YES_AGGRESSIVE;
				CLANG_CXX_LANGUAGE_STANDARD = "gnu++20";
				CLANG_ENABLE_MODULES = YES;
				CLANG_ENABLE_OBJC_ARC = YES;
				CLANG_ENABLE_OBJC_WEAK = YES;
				CLANG_WARN_BLOCK_CAPTURE_AUTORELEASING = YES;
				CLANG_WARN_BOOL_CONVERSION = YES;
				CLANG_WARN_COMMA = YES;
				CLANG_WARN_CONSTANT_CONVERSION = YES;
				CLANG_WARN_DEPRECATED_OBJC_IMPLEMENTATIONS = YES;
				CLANG_WARN_DIRECT_OBJC_ISA_USAGE = YES_ERROR;
				CLANG_WARN_DOCUMENTATION_COMMENTS = YES;
				CLANG_WARN_EMPTY_BODY = YES;
				CLANG_WARN_ENUM_CONVERSION = YES;
				CLANG_WARN_INFINITE_RECURSION = YES;
				CLANG_WARN_INT_CONVERSION = YES;
				CLANG_WARN_NON_LITERAL_NULL_CONVERSION = YES;
				CLANG_WARN_OBJC_IMPLICIT_RETAIN_SELF = YES;
				CLANG_WARN_OBJC_LITERAL_CONVERSION = YES;
				CLANG_WARN_OBJC_ROOT_CLASS = YES_ERROR;
				CLANG_WARN_QUOTED_INCLUDE_IN_FRAMEWORK_HEADER = YES;
				CLANG_WARN_RANGE_LOOP_ANALYSIS = YES;
				CLANG_WARN_STRICT_PROTOTYPES = YES;
				CLANG_WARN_SUSPICIOUS_MOVE = YES;
				CLANG_WARN_UNGUARDED_AVAILABILITY = YES_AGGRESSIVE;
				CLANG_WARN_UNREACHABLE_CODE = YES;
				CLANG_WARN__DUPLICATE_METHOD_MATCH = YES;
				COPY_PHASE_STRIP = NO;
				DEBUG_INFORMATION_FORMAT = "dwarf-with-dsym";
				ENABLE_NS_ASSERTIONS = NO;
				ENABLE_STRICT_OBJC_MSGSEND = YES;
				ENABLE_USER_SCRIPT_SANDBOXING = YES;
				GCC_C_LANGUAGE_STANDARD = gnu17;
				GCC_NO_COMMON_BLOCKS = YES;
				GCC_WARN_64_TO_32_BIT_CONVERSION = YES;
				GCC_WARN_ABOUT_RETURN_TYPE = YES_ERROR;
				GCC_WARN_UNDECLARED_SELECTOR = YES;
				GCC_WARN_UNINITIALIZED_AUTOS = YES_AGGRESSIVE;
				GCC_WARN_UNUSED_FUNCTION = YES;
				GCC_WARN_UNUSED_VARIABLE = YES;
				IPHONEOS_DEPLOYMENT_TARGET = 17.2;
				LOCALIZATION_PREFERS_STRING_CATALOGS = YES;
				MTL_ENABLE_DEBUG_INFO = NO;
				MTL_FAST_MATH = YES;
				SDKROOT = iphoneos;
				SWIFT_COMPILATION_MODE = wholemodule;
				VALIDATE_PRODUCT = YES;
			};
			name = Release;
		};
		E435D5372C2EA74700B9FC63 /* Debug */ = {
			isa = XCBuildConfiguration;
			buildSettings = {
				ASSETCATALOG_COMPILER_APPICON_NAME = AppIcon;
				ASSETCATALOG_COMPILER_GLOBAL_ACCENT_COLOR_NAME = AccentColor;
				CODE_SIGN_STYLE = Automatic;
				CURRENT_PROJECT_VERSION = 1;
				DEVELOPMENT_ASSET_PATHS = "\"Equipment Log/Preview Content\"";
				DEVELOPMENT_TEAM = P245NB73JW;
				ENABLE_PREVIEWS = YES;
				GENERATE_INFOPLIST_FILE = YES;
				INFOPLIST_KEY_UIApplicationSceneManifest_Generation = YES;
				INFOPLIST_KEY_UIApplicationSupportsIndirectInputEvents = YES;
				INFOPLIST_KEY_UILaunchScreen_Generation = YES;
				INFOPLIST_KEY_UISupportedInterfaceOrientations_iPad = "UIInterfaceOrientationPortrait UIInterfaceOrientationPortraitUpsideDown UIInterfaceOrientationLandscapeLeft UIInterfaceOrientationLandscapeRight";
				INFOPLIST_KEY_UISupportedInterfaceOrientations_iPhone = "UIInterfaceOrientationPortrait UIInterfaceOrientationLandscapeLeft UIInterfaceOrientationLandscapeRight";
				LD_RUNPATH_SEARCH_PATHS = (
					"$(inherited)",
					"@executable_path/Frameworks",
				);
				MARKETING_VERSION = 1.0;
				PRODUCT_BUNDLE_IDENTIFIER = "com.Equipment-Log";
				PRODUCT_NAME = "$(TARGET_NAME)";
				SWIFT_EMIT_LOC_STRINGS = YES;
				SWIFT_VERSION = 5.0;
				TARGETED_DEVICE_FAMILY = "1,2";
			};
			name = Debug;
		};
		E435D5382C2EA74700B9FC63 /* Release */ = {
			isa = XCBuildConfiguration;
			buildSettings = {
				ASSETCATALOG_COMPILER_APPICON_NAME = AppIcon;
				ASSETCATALOG_COMPILER_GLOBAL_ACCENT_COLOR_NAME = AccentColor;
				CODE_SIGN_STYLE = Automatic;
				CURRENT_PROJECT_VERSION = 1;
				DEVELOPMENT_ASSET_PATHS = "\"Equipment Log/Preview Content\"";
				DEVELOPMENT_TEAM = P245NB73JW;
				ENABLE_PREVIEWS = YES;
				GENERATE_INFOPLIST_FILE = YES;
				INFOPLIST_KEY_UIApplicationSceneManifest_Generation = YES;
				INFOPLIST_KEY_UIApplicationSupportsIndirectInputEvents = YES;
				INFOPLIST_KEY_UILaunchScreen_Generation = YES;
				INFOPLIST_KEY_UISupportedInterfaceOrientations_iPad = "UIInterfaceOrientationPortrait UIInterfaceOrientationPortraitUpsideDown UIInterfaceOrientationLandscapeLeft UIInterfaceOrientationLandscapeRight";
				INFOPLIST_KEY_UISupportedInterfaceOrientations_iPhone = "UIInterfaceOrientationPortrait UIInterfaceOrientationLandscapeLeft UIInterfaceOrientationLandscapeRight";
				LD_RUNPATH_SEARCH_PATHS = (
					"$(inherited)",
					"@executable_path/Frameworks",
				);
				MARKETING_VERSION = 1.0;
				PRODUCT_BUNDLE_IDENTIFIER = "com.Equipment-Log";
				PRODUCT_NAME = "$(TARGET_NAME)";
				SWIFT_EMIT_LOC_STRINGS = YES;
				SWIFT_VERSION = 5.0;
				TARGETED_DEVICE_FAMILY = "1,2";
			};
			name = Release;
		};
		E435D53A2C2EA74700B9FC63 /* Debug */ = {
			isa = XCBuildConfiguration;
			buildSettings = {
				ALWAYS_EMBED_SWIFT_STANDARD_LIBRARIES = YES;
				BUNDLE_LOADER = "$(TEST_HOST)";
				CODE_SIGN_STYLE = Automatic;
				CURRENT_PROJECT_VERSION = 1;
				DEVELOPMENT_TEAM = P245NB73JW;
				GENERATE_INFOPLIST_FILE = YES;
				IPHONEOS_DEPLOYMENT_TARGET = 17.2;
				MARKETING_VERSION = 1.0;
				PRODUCT_BUNDLE_IDENTIFIER = "com.Equipment-LogTests";
				PRODUCT_NAME = "$(TARGET_NAME)";
				SWIFT_EMIT_LOC_STRINGS = NO;
				SWIFT_VERSION = 5.0;
				TARGETED_DEVICE_FAMILY = "1,2";
				TEST_HOST = "$(BUILT_PRODUCTS_DIR)/Equipment Log.app/$(BUNDLE_EXECUTABLE_FOLDER_PATH)/Equipment Log";
			};
			name = Debug;
		};
		E435D53B2C2EA74700B9FC63 /* Release */ = {
			isa = XCBuildConfiguration;
			buildSettings = {
				ALWAYS_EMBED_SWIFT_STANDARD_LIBRARIES = YES;
				BUNDLE_LOADER = "$(TEST_HOST)";
				CODE_SIGN_STYLE = Automatic;
				CURRENT_PROJECT_VERSION = 1;
				DEVELOPMENT_TEAM = P245NB73JW;
				GENERATE_INFOPLIST_FILE = YES;
				IPHONEOS_DEPLOYMENT_TARGET = 17.2;
				MARKETING_VERSION = 1.0;
				PRODUCT_BUNDLE_IDENTIFIER = "com.Equipment-LogTests";
				PRODUCT_NAME = "$(TARGET_NAME)";
				SWIFT_EMIT_LOC_STRINGS = NO;
				SWIFT_VERSION = 5.0;
				TARGETED_DEVICE_FAMILY = "1,2";
				TEST_HOST = "$(BUILT_PRODUCTS_DIR)/Equipment Log.app/$(BUNDLE_EXECUTABLE_FOLDER_PATH)/Equipment Log";
			};
			name = Release;
		};
		E435D53D2C2EA74700B9FC63 /* Debug */ = {
			isa = XCBuildConfiguration;
			buildSettings = {
				ALWAYS_EMBED_SWIFT_STANDARD_LIBRARIES = YES;
				CODE_SIGN_STYLE = Automatic;
				CURRENT_PROJECT_VERSION = 1;
				DEVELOPMENT_TEAM = P245NB73JW;
				GENERATE_INFOPLIST_FILE = YES;
				MARKETING_VERSION = 1.0;
				PRODUCT_BUNDLE_IDENTIFIER = "com.Equipment-LogUITests";
				PRODUCT_NAME = "$(TARGET_NAME)";
				SWIFT_EMIT_LOC_STRINGS = NO;
				SWIFT_VERSION = 5.0;
				TARGETED_DEVICE_FAMILY = "1,2";
				TEST_TARGET_NAME = "Equipment Log";
			};
			name = Debug;
		};
		E435D53E2C2EA74700B9FC63 /* Release */ = {
			isa = XCBuildConfiguration;
			buildSettings = {
				ALWAYS_EMBED_SWIFT_STANDARD_LIBRARIES = YES;
				CODE_SIGN_STYLE = Automatic;
				CURRENT_PROJECT_VERSION = 1;
				DEVELOPMENT_TEAM = P245NB73JW;
				GENERATE_INFOPLIST_FILE = YES;
				MARKETING_VERSION = 1.0;
				PRODUCT_BUNDLE_IDENTIFIER = "com.Equipment-LogUITests";
				PRODUCT_NAME = "$(TARGET_NAME)";
				SWIFT_EMIT_LOC_STRINGS = NO;
				SWIFT_VERSION = 5.0;
				TARGETED_DEVICE_FAMILY = "1,2";
				TEST_TARGET_NAME = "Equipment Log";
			};
			name = Release;
		};
/* End XCBuildConfiguration section */

/* Begin XCConfigurationList section */
		E435D50D2C2EA74600B9FC63 /* Build configuration list for PBXProject "Equipment Log" */ = {
			isa = XCConfigurationList;
			buildConfigurations = (
				E435D5342C2EA74700B9FC63 /* Debug */,
				E435D5352C2EA74700B9FC63 /* Release */,
			);
			defaultConfigurationIsVisible = 0;
			defaultConfigurationName = Release;
		};
		E435D5362C2EA74700B9FC63 /* Build configuration list for PBXNativeTarget "Equipment Log" */ = {
			isa = XCConfigurationList;
			buildConfigurations = (
				E435D5372C2EA74700B9FC63 /* Debug */,
				E435D5382C2EA74700B9FC63 /* Release */,
			);
			defaultConfigurationIsVisible = 0;
			defaultConfigurationName = Release;
		};
		E435D5392C2EA74700B9FC63 /* Build configuration list for PBXNativeTarget "Equipment LogTests" */ = {
			isa = XCConfigurationList;
			buildConfigurations = (
				E435D53A2C2EA74700B9FC63 /* Debug */,
				E435D53B2C2EA74700B9FC63 /* Release */,
			);
			defaultConfigurationIsVisible = 0;
			defaultConfigurationName = Release;
		};
		E435D53C2C2EA74700B9FC63 /* Build configuration list for PBXNativeTarget "Equipment LogUITests" */ = {
			isa = XCConfigurationList;
			buildConfigurations = (
				E435D53D2C2EA74700B9FC63 /* Debug */,
				E435D53E2C2EA74700B9FC63 /* Release */,
			);
			defaultConfigurationIsVisible = 0;
			defaultConfigurationName = Release;
		};
/* End XCConfigurationList section */

/* Begin XCVersionGroup section */
		E435D53F2C2EA7E700B9FC63 /* CoreDataModel.xcdatamodeld */ = {
			isa = XCVersionGroup;
			children = (
				E435D5402C2EA7E700B9FC63 /* CoreDataModel.xcdatamodel */,
			);
			currentVersion = E435D5402C2EA7E700B9FC63 /* CoreDataModel.xcdatamodel */;
			path = CoreDataModel.xcdatamodeld;
			sourceTree = "<group>";
			versionGroupType = wrapper.xcdatamodel;
		};
/* End XCVersionGroup section */
	};
	rootObject = E435D50A2C2EA74600B9FC63 /* Project object */;
}
